
Microsoft Visual Studio Solution File, Format Version 12.00
# Visual Studio Version 17
VisualStudioVersion = 17.13.35931.197 d17.13
MinimumVisualStudioVersion = 10.0.40219.1
Project("{FAE04EC0-301F-11D3-BF4B-00C04F79EFBC}") = "DGD208-EylülKuzu", "DGD208-EylülKuzu\DGD208-EylülKuzu.csproj", "{22FF809E-12EF-4A6F-8915-399D4AB885CB}"
EndProject
Global
	GlobalSection(SolutionConfigurationPlatforms) = preSolution
		Debug|Any CPU = Debug|Any CPU
		Release|Any CPU = Release|Any CPU
	EndGlobalSection
	GlobalSection(ProjectConfigurationPlatforms) = postSolution
		{22FF809E-12EF-4A6F-8915-399D4AB885CB}.Debug|Any CPU.ActiveCfg = Debug|Any CPU
		{22FF809E-12EF-4A6F-8915-399D4AB885CB}.Debug|Any CPU.Build.0 = Debug|Any CPU
		{22FF809E-12EF-4A6F-8915-399D4AB885CB}.Release|Any CPU.ActiveCfg = Release|Any CPU
		{22FF809E-12EF-4A6F-8915-399D4AB885CB}.Release|Any CPU.Build.0 = Release|Any CPU
	EndGlobalSection
	GlobalSection(SolutionProperties) = preSolution
		HideSolutionNode = FALSE
	EndGlobalSection
	GlobalSection(ExtensibilityGlobals) = postSolution
		SolutionGuid = {63535ED0-F13E-42F5-8C7F-41BD3CB0BB25}
	EndGlobalSection
EndGlobal
